// !$*UTF8*$!
{
	archiveVersion = 1;
	classes = {
	};
	objectVersion = 46;
	objects = {

/* Begin PBXBuildFile section */
		826F28B11C0C6CF5002EFF92 /* AppDelegate.swift in Sources */ = {isa = PBXBuildFile; fileRef = 826F28B01C0C6CF5002EFF92 /* AppDelegate.swift */; };
		826F28B31C0C6CF5002EFF92 /* ViewController.swift in Sources */ = {isa = PBXBuildFile; fileRef = 826F28B21C0C6CF5002EFF92 /* ViewController.swift */; };
		826F28B61C0C6CF5002EFF92 /* Main.storyboard in Resources */ = {isa = PBXBuildFile; fileRef = 826F28B41C0C6CF5002EFF92 /* Main.storyboard */; };
		826F28B81C0C6CF6002EFF92 /* Assets.xcassets in Resources */ = {isa = PBXBuildFile; fileRef = 826F28B71C0C6CF6002EFF92 /* Assets.xcassets */; };
		826F28BB1C0C6CF6002EFF92 /* LaunchScreen.storyboard in Resources */ = {isa = PBXBuildFile; fileRef = 826F28B91C0C6CF6002EFF92 /* LaunchScreen.storyboard */; };
		826F28C61C0C6CF6002EFF92 /* echow_iosTests.swift in Sources */ = {isa = PBXBuildFile; fileRef = 826F28C51C0C6CF6002EFF92 /* echow_iosTests.swift */; };
		826F28D11C0C6CF6002EFF92 /* echow_iosUITests.swift in Sources */ = {isa = PBXBuildFile; fileRef = 826F28D01C0C6CF6002EFF92 /* echow_iosUITests.swift */; };
/* End PBXBuildFile section */

/* Begin PBXContainerItemProxy section */
		826F28C21C0C6CF6002EFF92 /* PBXContainerItemProxy */ = {
			isa = PBXContainerItemProxy;
			containerPortal = 826F28A51C0C6CF5002EFF92 /* Project object */;
			proxyType = 1;
			remoteGlobalIDString = 826F28AC1C0C6CF5002EFF92;
			remoteInfo = "echow-ios";
		};
		826F28CD1C0C6CF6002EFF92 /* PBXContainerItemProxy */ = {
			isa = PBXContainerItemProxy;
			containerPortal = 826F28A51C0C6CF5002EFF92 /* Project object */;
			proxyType = 1;
			remoteGlobalIDString = 826F28AC1C0C6CF5002EFF92;
			remoteInfo = "echow-ios";
		};
/* End PBXContainerItemProxy section */

/* Begin PBXFileReference section */
		826F28AD1C0C6CF5002EFF92 /* echow-ios.app */ = {isa = PBXFileReference; explicitFileType = wrapper.application; includeInIndex = 0; path = "echow-ios.app"; sourceTree = BUILT_PRODUCTS_DIR; };
		826F28B01C0C6CF5002EFF92 /* AppDelegate.swift */ = {isa = PBXFileReference; lastKnownFileType = sourcecode.swift; path = AppDelegate.swift; sourceTree = "<group>"; };
		826F28B21C0C6CF5002EFF92 /* ViewController.swift */ = {isa = PBXFileReference; lastKnownFileType = sourcecode.swift; path = ViewController.swift; sourceTree = "<group>"; };
		826F28B51C0C6CF5002EFF92 /* Base */ = {isa = PBXFileReference; lastKnownFileType = file.storyboard; name = Base; path = Base.lproj/Main.storyboard; sourceTree = "<group>"; };
		826F28B71C0C6CF6002EFF92 /* Assets.xcassets */ = {isa = PBXFileReference; lastKnownFileType = folder.assetcatalog; path = Assets.xcassets; sourceTree = "<group>"; };
		826F28BA1C0C6CF6002EFF92 /* Base */ = {isa = PBXFileReference; lastKnownFileType = file.storyboard; name = Base; path = Base.lproj/LaunchScreen.storyboard; sourceTree = "<group>"; };
		826F28BC1C0C6CF6002EFF92 /* Info.plist */ = {isa = PBXFileReference; lastKnownFileType = text.plist.xml; path = Info.plist; sourceTree = "<group>"; };
		826F28C11C0C6CF6002EFF92 /* echow-iosTests.xctest */ = {isa = PBXFileReference; explicitFileType = wrapper.cfbundle; includeInIndex = 0; path = "echow-iosTests.xctest"; sourceTree = BUILT_PRODUCTS_DIR; };
		826F28C51C0C6CF6002EFF92 /* echow_iosTests.swift */ = {isa = PBXFileReference; lastKnownFileType = sourcecode.swift; path = echow_iosTests.swift; sourceTree = "<group>"; };
		826F28C71C0C6CF6002EFF92 /* Info.plist */ = {isa = PBXFileReference; lastKnownFileType = text.plist.xml; path = Info.plist; sourceTree = "<group>"; };
		826F28CC1C0C6CF6002EFF92 /* echow-iosUITests.xctest */ = {isa = PBXFileReference; explicitFileType = wrapper.cfbundle; includeInIndex = 0; path = "echow-iosUITests.xctest"; sourceTree = BUILT_PRODUCTS_DIR; };
		826F28D01C0C6CF6002EFF92 /* echow_iosUITests.swift */ = {isa = PBXFileReference; lastKnownFileType = sourcecode.swift; path = echow_iosUITests.swift; sourceTree = "<group>"; };
		826F28D21C0C6CF6002EFF92 /* Info.plist */ = {isa = PBXFileReference; lastKnownFileType = text.plist.xml; path = Info.plist; sourceTree = "<group>"; };
/* End PBXFileReference section */

/* Begin PBXFrameworksBuildPhase section */
		826F28AA1C0C6CF5002EFF92 /* Frameworks */ = {
			isa = PBXFrameworksBuildPhase;
			buildActionMask = 2147483647;
			files = (
			);
			runOnlyForDeploymentPostprocessing = 0;
		};
		826F28BE1C0C6CF6002EFF92 /* Frameworks */ = {
			isa = PBXFrameworksBuildPhase;
			buildActionMask = 2147483647;
			files = (
			);
			runOnlyForDeploymentPostprocessing = 0;
		};
		826F28C91C0C6CF6002EFF92 /* Frameworks */ = {
			isa = PBXFrameworksBuildPhase;
			buildActionMask = 2147483647;
			files = (
			);
			runOnlyForDeploymentPostprocessing = 0;
		};
/* End PBXFrameworksBuildPhase section */

/* Begin PBXGroup section */
		826F28A41C0C6CF5002EFF92 = {
			isa = PBXGroup;
			children = (
				826F28AF1C0C6CF5002EFF92 /* echow-ios */,
				826F28C41C0C6CF6002EFF92 /* echow-iosTests */,
				826F28CF1C0C6CF6002EFF92 /* echow-iosUITests */,
				826F28AE1C0C6CF5002EFF92 /* Products */,
			);
			sourceTree = "<group>";
		};
		826F28AE1C0C6CF5002EFF92 /* Products */ = {
			isa = PBXGroup;
			children = (
				826F28AD1C0C6CF5002EFF92 /* echow-ios.app */,
				826F28C11C0C6CF6002EFF92 /* echow-iosTests.xctest */,
				826F28CC1C0C6CF6002EFF92 /* echow-iosUITests.xctest */,
			);
			name = Products;
			sourceTree = "<group>";
		};
		826F28AF1C0C6CF5002EFF92 /* echow-ios */ = {
			isa = PBXGroup;
			children = (
				826F28B01C0C6CF5002EFF92 /* AppDelegate.swift */,
				826F28B21C0C6CF5002EFF92 /* ViewController.swift */,
				826F28B41C0C6CF5002EFF92 /* Main.storyboard */,
				826F28B71C0C6CF6002EFF92 /* Assets.xcassets */,
				826F28B91C0C6CF6002EFF92 /* LaunchScreen.storyboard */,
				826F28BC1C0C6CF6002EFF92 /* Info.plist */,
			);
			path = "echow-ios";
			sourceTree = "<group>";
		};
		826F28C41C0C6CF6002EFF92 /* echow-iosTests */ = {
			isa = PBXGroup;
			children = (
				826F28C51C0C6CF6002EFF92 /* echow_iosTests.swift */,
				826F28C71C0C6CF6002EFF92 /* Info.plist */,
			);
			path = "echow-iosTests";
			sourceTree = "<group>";
		};
		826F28CF1C0C6CF6002EFF92 /* echow-iosUITests */ = {
			isa = PBXGroup;
			children = (
				826F28D01C0C6CF6002EFF92 /* echow_iosUITests.swift */,
				826F28D21C0C6CF6002EFF92 /* Info.plist */,
			);
			path = "echow-iosUITests";
			sourceTree = "<group>";
		};
/* End PBXGroup section */

/* Begin PBXNativeTarget section */
		826F28AC1C0C6CF5002EFF92 /* echow-ios */ = {
			isa = PBXNativeTarget;
			buildConfigurationList = 826F28D51C0C6CF6002EFF92 /* Build configuration list for PBXNativeTarget "echow-ios" */;
			buildPhases = (
				826F28A91C0C6CF5002EFF92 /* Sources */,
				826F28AA1C0C6CF5002EFF92 /* Frameworks */,
				826F28AB1C0C6CF5002EFF92 /* Resources */,
			);
			buildRules = (
			);
			dependencies = (
			);
			name = "echow-ios";
			productName = "echow-ios";
			productReference = 826F28AD1C0C6CF5002EFF92 /* echow-ios.app */;
			productType = "com.apple.product-type.application";
		};
		826F28C01C0C6CF6002EFF92 /* echow-iosTests */ = {
			isa = PBXNativeTarget;
			buildConfigurationList = 826F28D81C0C6CF6002EFF92 /* Build configuration list for PBXNativeTarget "echow-iosTests" */;
			buildPhases = (
				826F28BD1C0C6CF6002EFF92 /* Sources */,
				826F28BE1C0C6CF6002EFF92 /* Frameworks */,
				826F28BF1C0C6CF6002EFF92 /* Resources */,
			);
			buildRules = (
			);
			dependencies = (
				826F28C31C0C6CF6002EFF92 /* PBXTargetDependency */,
			);
			name = "echow-iosTests";
			productName = "echow-iosTests";
			productReference = 826F28C11C0C6CF6002EFF92 /* echow-iosTests.xctest */;
			productType = "com.apple.product-type.bundle.unit-test";
		};
		826F28CB1C0C6CF6002EFF92 /* echow-iosUITests */ = {
			isa = PBXNativeTarget;
			buildConfigurationList = 826F28DB1C0C6CF6002EFF92 /* Build configuration list for PBXNativeTarget "echow-iosUITests" */;
			buildPhases = (
				826F28C81C0C6CF6002EFF92 /* Sources */,
				826F28C91C0C6CF6002EFF92 /* Frameworks */,
				826F28CA1C0C6CF6002EFF92 /* Resources */,
			);
			buildRules = (
			);
			dependencies = (
				826F28CE1C0C6CF6002EFF92 /* PBXTargetDependency */,
			);
			name = "echow-iosUITests";
			productName = "echow-iosUITests";
			productReference = 826F28CC1C0C6CF6002EFF92 /* echow-iosUITests.xctest */;
			productType = "com.apple.product-type.bundle.ui-testing";
		};
/* End PBXNativeTarget section */

/* Begin PBXProject section */
		826F28A51C0C6CF5002EFF92 /* Project object */ = {
			isa = PBXProject;
			attributes = {
				LastSwiftUpdateCheck = 0710;
				LastUpgradeCheck = 0710;
				ORGANIZATIONNAME = piyory;
				TargetAttributes = {
					826F28AC1C0C6CF5002EFF92 = {
						CreatedOnToolsVersion = 7.1.1;
					};
					826F28C01C0C6CF6002EFF92 = {
						CreatedOnToolsVersion = 7.1.1;
						TestTargetID = 826F28AC1C0C6CF5002EFF92;
					};
					826F28CB1C0C6CF6002EFF92 = {
						CreatedOnToolsVersion = 7.1.1;
						TestTargetID = 826F28AC1C0C6CF5002EFF92;
					};
				};
			};
			buildConfigurationList = 826F28A81C0C6CF5002EFF92 /* Build configuration list for PBXProject "echow-ios" */;
			compatibilityVersion = "Xcode 3.2";
			developmentRegion = English;
			hasScannedForEncodings = 0;
			knownRegions = (
				en,
				Base,
			);
			mainGroup = 826F28A41C0C6CF5002EFF92;
			productRefGroup = 826F28AE1C0C6CF5002EFF92 /* Products */;
			projectDirPath = "";
			projectRoot = "";
			targets = (
				826F28AC1C0C6CF5002EFF92 /* echow-ios */,
				826F28C01C0C6CF6002EFF92 /* echow-iosTests */,
				826F28CB1C0C6CF6002EFF92 /* echow-iosUITests */,
			);
		};
/* End PBXProject section */

/* Begin PBXResourcesBuildPhase section */
		826F28AB1C0C6CF5002EFF92 /* Resources */ = {
			isa = PBXResourcesBuildPhase;
			buildActionMask = 2147483647;
			files = (
				826F28BB1C0C6CF6002EFF92 /* LaunchScreen.storyboard in Resources */,
				826F28B81C0C6CF6002EFF92 /* Assets.xcassets in Resources */,
				826F28B61C0C6CF5002EFF92 /* Main.storyboard in Resources */,
			);
			runOnlyForDeploymentPostprocessing = 0;
		};
		826F28BF1C0C6CF6002EFF92 /* Resources */ = {
			isa = PBXResourcesBuildPhase;
			buildActionMask = 2147483647;
			files = (
			);
			runOnlyForDeploymentPostprocessing = 0;
		};
		826F28CA1C0C6CF6002EFF92 /* Resources */ = {
			isa = PBXResourcesBuildPhase;
			buildActionMask = 2147483647;
			files = (
			);
			runOnlyForDeploymentPostprocessing = 0;
		};
/* End PBXResourcesBuildPhase section */

/* Begin PBXSourcesBuildPhase section */
		826F28A91C0C6CF5002EFF92 /* Sources */ = {
			isa = PBXSourcesBuildPhase;
			buildActionMask = 2147483647;
			files = (
				826F28B31C0C6CF5002EFF92 /* ViewController.swift in Sources */,
				826F28B11C0C6CF5002EFF92 /* AppDelegate.swift in Sources */,
			);
			runOnlyForDeploymentPostprocessing = 0;
		};
		826F28BD1C0C6CF6002EFF92 /* Sources */ = {
			isa = PBXSourcesBuildPhase;
			buildActionMask = 2147483647;
			files = (
				826F28C61C0C6CF6002EFF92 /* echow_iosTests.swift in Sources */,
			);
			runOnlyForDeploymentPostprocessing = 0;
		};
		826F28C81C0C6CF6002EFF92 /* Sources */ = {
			isa = PBXSourcesBuildPhase;
			buildActionMask = 2147483647;
			files = (
				826F28D11C0C6CF6002EFF92 /* echow_iosUITests.swift in Sources */,
			);
			runOnlyForDeploymentPostprocessing = 0;
		};
/* End PBXSourcesBuildPhase section */

/* Begin PBXTargetDependency section */
		826F28C31C0C6CF6002EFF92 /* PBXTargetDependency */ = {
			isa = PBXTargetDependency;
			target = 826F28AC1C0C6CF5002EFF92 /* echow-ios */;
			targetProxy = 826F28C21C0C6CF6002EFF92 /* PBXContainerItemProxy */;
		};
		826F28CE1C0C6CF6002EFF92 /* PBXTargetDependency */ = {
			isa = PBXTargetDependency;
			target = 826F28AC1C0C6CF5002EFF92 /* echow-ios */;
			targetProxy = 826F28CD1C0C6CF6002EFF92 /* PBXContainerItemProxy */;
		};
/* End PBXTargetDependency section */

/* Begin PBXVariantGroup section */
		826F28B41C0C6CF5002EFF92 /* Main.storyboard */ = {
			isa = PBXVariantGroup;
			children = (
				826F28B51C0C6CF5002EFF92 /* Base */,
			);
			name = Main.storyboard;
			sourceTree = "<group>";
		};
		826F28B91C0C6CF6002EFF92 /* LaunchScreen.storyboard */ = {
			isa = PBXVariantGroup;
			children = (
				826F28BA1C0C6CF6002EFF92 /* Base */,
			);
			name = LaunchScreen.storyboard;
			sourceTree = "<group>";
		};
/* End PBXVariantGroup section */

/* Begin XCBuildConfiguration section */
		826F28D31C0C6CF6002EFF92 /* Debug */ = {
			isa = XCBuildConfiguration;
			buildSettings = {
				ALWAYS_SEARCH_USER_PATHS = NO;
				CLANG_CXX_LANGUAGE_STANDARD = "gnu++0x";
				CLANG_CXX_LIBRARY = "libc++";
				CLANG_ENABLE_MODULES = YES;
				CLANG_ENABLE_OBJC_ARC = YES;
				CLANG_WARN_BOOL_CONVERSION = YES;
				CLANG_WARN_CONSTANT_CONVERSION = YES;
				CLANG_WARN_DIRECT_OBJC_ISA_USAGE = YES_ERROR;
				CLANG_WARN_EMPTY_BODY = YES;
				CLANG_WARN_ENUM_CONVERSION = YES;
				CLANG_WARN_INT_CONVERSION = YES;
				CLANG_WARN_OBJC_ROOT_CLASS = YES_ERROR;
				CLANG_WARN_UNREACHABLE_CODE = YES;
				CLANG_WARN__DUPLICATE_METHOD_MATCH = YES;
				"CODE_SIGN_IDENTITY[sdk=iphoneos*]" = "iPhone Developer";
				COPY_PHASE_STRIP = NO;
				DEBUG_INFORMATION_FORMAT = dwarf;
				ENABLE_STRICT_OBJC_MSGSEND = YES;
				ENABLE_TESTABILITY = YES;
				GCC_C_LANGUAGE_STANDARD = gnu99;
				GCC_DYNAMIC_NO_PIC = NO;
				GCC_NO_COMMON_BLOCKS = YES;
				GCC_OPTIMIZATION_LEVEL = 0;
				GCC_PREPROCESSOR_DEFINITIONS = (
					"DEBUG=1",
					"$(inherited)",
				);
				GCC_WARN_64_TO_32_BIT_CONVERSION = YES;
				GCC_WARN_ABOUT_RETURN_TYPE = YES_ERROR;
				GCC_WARN_UNDECLARED_SELECTOR = YES;
				GCC_WARN_UNINITIALIZED_AUTOS = YES_AGGRESSIVE;
				GCC_WARN_UNUSED_FUNCTION = YES;
				GCC_WARN_UNUSED_VARIABLE = YES;
				IPHONEOS_DEPLOYMENT_TARGET = 9.1;
				MTL_ENABLE_DEBUG_INFO = YES;
				ONLY_ACTIVE_ARCH = YES;
				SDKROOT = iphoneos;
				SWIFT_OPTIMIZATION_LEVEL = "-Onone";
				TARGETED_DEVICE_FAMILY = "1,2";
			};
			name = Debug;
		};
		826F28D41C0C6CF6002EFF92 /* Release */ = {
			isa = XCBuildConfiguration;
			buildSettings = {
				ALWAYS_SEARCH_USER_PATHS = NO;
				CLANG_CXX_LANGUAGE_STANDARD = "gnu++0x";
				CLANG_CXX_LIBRARY = "libc++";
				CLANG_ENABLE_MODULES = YES;
				CLANG_ENABLE_OBJC_ARC = YES;
				CLANG_WARN_BOOL_CONVERSION = YES;
				CLANG_WARN_CONSTANT_CONVERSION = YES;
				CLANG_WARN_DIRECT_OBJC_ISA_USAGE = YES_ERROR;
				CLANG_WARN_EMPTY_BODY = YES;
				CLANG_WARN_ENUM_CONVERSION = YES;
				CLANG_WARN_INT_CONVERSION = YES;
				CLANG_WARN_OBJC_ROOT_CLASS = YES_ERROR;
				CLANG_WARN_UNREACHABLE_CODE = YES;
				CLANG_WARN__DUPLICATE_METHOD_MATCH = YES;
				"CODE_SIGN_IDENTITY[sdk=iphoneos*]" = "iPhone Developer";
				COPY_PHASE_STRIP = NO;
				DEBUG_INFORMATION_FORMAT = "dwarf-with-dsym";
				ENABLE_NS_ASSERTIONS = NO;
				ENABLE_STRICT_OBJC_MSGSEND = YES;
				GCC_C_LANGUAGE_STANDARD = gnu99;
				GCC_NO_COMMON_BLOCKS = YES;
				GCC_WARN_64_TO_32_BIT_CONVERSION = YES;
				GCC_WARN_ABOUT_RETURN_TYPE = YES_ERROR;
				GCC_WARN_UNDECLARED_SELECTOR = YES;
				GCC_WARN_UNINITIALIZED_AUTOS = YES_AGGRESSIVE;
				GCC_WARN_UNUSED_FUNCTION = YES;
				GCC_WARN_UNUSED_VARIABLE = YES;
				IPHONEOS_DEPLOYMENT_TARGET = 9.1;
				MTL_ENABLE_DEBUG_INFO = NO;
				SDKROOT = iphoneos;
				TARGETED_DEVICE_FAMILY = "1,2";
				VALIDATE_PRODUCT = YES;
			};
			name = Release;
		};
		826F28D61C0C6CF6002EFF92 /* Debug */ = {
			isa = XCBuildConfiguration;
			buildSettings = {
				ASSETCATALOG_COMPILER_APPICON_NAME = AppIcon;
				INFOPLIST_FILE = "echow-ios/Info.plist";
				LD_RUNPATH_SEARCH_PATHS = "$(inherited) @executable_path/Frameworks";
				PRODUCT_BUNDLE_IDENTIFIER = "com.echow-ios";
				PRODUCT_NAME = "$(TARGET_NAME)";
			};
			name = Debug;
		};
		826F28D71C0C6CF6002EFF92 /* Release */ = {
			isa = XCBuildConfiguration;
			buildSettings = {
				ASSETCATALOG_COMPILER_APPICON_NAME = AppIcon;
				INFOPLIST_FILE = "echow-ios/Info.plist";
				LD_RUNPATH_SEARCH_PATHS = "$(inherited) @executable_path/Frameworks";
				PRODUCT_BUNDLE_IDENTIFIER = "com.echow-ios";
				PRODUCT_NAME = "$(TARGET_NAME)";
			};
			name = Release;
		};
		826F28D91C0C6CF6002EFF92 /* Debug */ = {
			isa = XCBuildConfiguration;
			buildSettings = {
				BUNDLE_LOADER = "$(TEST_HOST)";
				INFOPLIST_FILE = "echow-iosTests/Info.plist";
				LD_RUNPATH_SEARCH_PATHS = "$(inherited) @executable_path/Frameworks @loader_path/Frameworks";
				PRODUCT_BUNDLE_IDENTIFIER = "com.echow-iosTests";
				PRODUCT_NAME = "$(TARGET_NAME)";
				TEST_HOST = "$(BUILT_PRODUCTS_DIR)/echow-ios.app/echow-ios";
			};
			name = Debug;
		};
		826F28DA1C0C6CF6002EFF92 /* Release */ = {
			isa = XCBuildConfiguration;
			buildSettings = {
				BUNDLE_LOADER = "$(TEST_HOST)";
				INFOPLIST_FILE = "echow-iosTests/Info.plist";
				LD_RUNPATH_SEARCH_PATHS = "$(inherited) @executable_path/Frameworks @loader_path/Frameworks";
				PRODUCT_BUNDLE_IDENTIFIER = "com.echow-iosTests";
				PRODUCT_NAME = "$(TARGET_NAME)";
				TEST_HOST = "$(BUILT_PRODUCTS_DIR)/echow-ios.app/echow-ios";
			};
			name = Release;
		};
		826F28DC1C0C6CF6002EFF92 /* Debug */ = {
			isa = XCBuildConfiguration;
			buildSettings = {
				INFOPLIST_FILE = "echow-iosUITests/Info.plist";
				LD_RUNPATH_SEARCH_PATHS = "$(inherited) @executable_path/Frameworks @loader_path/Frameworks";
				PRODUCT_BUNDLE_IDENTIFIER = "com.echow-iosUITests";
				PRODUCT_NAME = "$(TARGET_NAME)";
				TEST_TARGET_NAME = "echow-ios";
				USES_XCTRUNNER = YES;
			};
			name = Debug;
		};
		826F28DD1C0C6CF6002EFF92 /* Release */ = {
			isa = XCBuildConfiguration;
			buildSettings = {
				INFOPLIST_FILE = "echow-iosUITests/Info.plist";
				LD_RUNPATH_SEARCH_PATHS = "$(inherited) @executable_path/Frameworks @loader_path/Frameworks";
				PRODUCT_BUNDLE_IDENTIFIER = "com.echow-iosUITests";
				PRODUCT_NAME = "$(TARGET_NAME)";
				TEST_TARGET_NAME = "echow-ios";
				USES_XCTRUNNER = YES;
			};
			name = Release;
		};
/* End XCBuildConfiguration section */

/* Begin XCConfigurationList section */
		826F28A81C0C6CF5002EFF92 /* Build configuration list for PBXProject "echow-ios" */ = {
			isa = XCConfigurationList;
			buildConfigurations = (
				826F28D31C0C6CF6002EFF92 /* Debug */,
				826F28D41C0C6CF6002EFF92 /* Release */,
			);
			defaultConfigurationIsVisible = 0;
			defaultConfigurationName = Release;
		};
		826F28D51C0C6CF6002EFF92 /* Build configuration list for PBXNativeTarget "echow-ios" */ = {
			isa = XCConfigurationList;
			buildConfigurations = (
				826F28D61C0C6CF6002EFF92 /* Debug */,
				826F28D71C0C6CF6002EFF92 /* Release */,
			);
			defaultConfigurationIsVisible = 0;
		};
		826F28D81C0C6CF6002EFF92 /* Build configuration list for PBXNativeTarget "echow-iosTests" */ = {
			isa = XCConfigurationList;
			buildConfigurations = (
				826F28D91C0C6CF6002EFF92 /* Debug */,
				826F28DA1C0C6CF6002EFF92 /* Release */,
			);
			defaultConfigurationIsVisible = 0;
		};
		826F28DB1C0C6CF6002EFF92 /* Build configuration list for PBXNativeTarget "echow-iosUITests" */ = {
			isa = XCConfigurationList;
			buildConfigurations = (
				826F28DC1C0C6CF6002EFF92 /* Debug */,
				826F28DD1C0C6CF6002EFF92 /* Release */,
			);
			defaultConfigurationIsVisible = 0;
		};
/* End XCConfigurationList section */
	};
	rootObject = 826F28A51C0C6CF5002EFF92 /* Project object */;
}
